
Microsoft Visual Studio Solution File, Format Version 12.00
# Visual Studio Version 17
VisualStudioVersion = 17.14.36414.22 d17.14
MinimumVisualStudioVersion = 10.0.40219.1
Project("{FAE04EC0-301F-11D3-BF4B-00C04F79EFBC}") = "EasyTrufi.Core", "EasyTrufi.Core\EasyTrufi.Core.csproj", "{D902AC48-9FF7-4B53-A86B-53C50A48AB07}"
EndProject
Project("{FAE04EC0-301F-11D3-BF4B-00C04F79EFBC}") = "EasyTrufi.Infraestructure", "EasyTrufi.Infraestructure\EasyTrufi.Infraestructure.csproj", "{C7532729-7815-4AD5-A0E5-DC4AC73AFC47}"
EndProject
Project("{FAE04EC0-301F-11D3-BF4B-00C04F79EFBC}") = "EasyTrufi.Api", "EasyTrufi.Api\EasyTrufi.Api.csproj", "{6FDE21F0-B604-4F0E-B026-203067182458}"
EndProject
Global
	GlobalSection(SolutionConfigurationPlatforms) = preSolution
		Debug|Any CPU = Debug|Any CPU
		Release|Any CPU = Release|Any CPU
	EndGlobalSection
	GlobalSection(ProjectConfigurationPlatforms) = postSolution
		{D902AC48-9FF7-4B53-A86B-53C50A48AB07}.Debug|Any CPU.ActiveCfg = Debug|Any CPU
		{D902AC48-9FF7-4B53-A86B-53C50A48AB07}.Debug|Any CPU.Build.0 = Debug|Any CPU
		{D902AC48-9FF7-4B53-A86B-53C50A48AB07}.Release|Any CPU.ActiveCfg = Release|Any CPU
		{D902AC48-9FF7-4B53-A86B-53C50A48AB07}.Release|Any CPU.Build.0 = Release|Any CPU
		{C7532729-7815-4AD5-A0E5-DC4AC73AFC47}.Debug|Any CPU.ActiveCfg = Debug|Any CPU
		{C7532729-7815-4AD5-A0E5-DC4AC73AFC47}.Debug|Any CPU.Build.0 = Debug|Any CPU
		{C7532729-7815-4AD5-A0E5-DC4AC73AFC47}.Release|Any CPU.ActiveCfg = Release|Any CPU
		{C7532729-7815-4AD5-A0E5-DC4AC73AFC47}.Release|Any CPU.Build.0 = Release|Any CPU
		{6FDE21F0-B604-4F0E-B026-203067182458}.Debug|Any CPU.ActiveCfg = Debug|Any CPU
		{6FDE21F0-B604-4F0E-B026-203067182458}.Debug|Any CPU.Build.0 = Debug|Any CPU
		{6FDE21F0-B604-4F0E-B026-203067182458}.Release|Any CPU.ActiveCfg = Release|Any CPU
		{6FDE21F0-B604-4F0E-B026-203067182458}.Release|Any CPU.Build.0 = Release|Any CPU
	EndGlobalSection
	GlobalSection(SolutionProperties) = preSolution
		HideSolutionNode = FALSE
	EndGlobalSection
	GlobalSection(ExtensibilityGlobals) = postSolution
		SolutionGuid = {056B6B91-BC8A-46DB-A366-B42C7AC9712B}
	EndGlobalSection
EndGlobal
